
Microsoft Visual Studio Solution File, Format Version 12.00
# Visual Studio Version 17
VisualStudioVersion = 17.0.31903.59
MinimumVisualStudioVersion = 10.0.40219.1
Project("{2150E333-8FDC-42A3-9474-1A3956D46DE8}") = "src", "src", "{827E0CD3-B72D-47B6-A68D-7590B98EB39B}"
EndProject
Project("{FAE04EC0-301F-11D3-BF4B-00C04F79EFBC}") = "Brilliant.Core", "src\Brilliant.Core\Brilliant.Core.csproj", "{CB8528FF-92AE-4AE4-8B7A-DFD7A2FC9BE2}"
EndProject
Project("{FAE04EC0-301F-11D3-BF4B-00C04F79EFBC}") = "Brilliant.Data", "src\Brilliant.Data\Brilliant.Data.csproj", "{EAB4AE8F-7E24-4E50-9F3D-73F5EFE6B0D9}"
EndProject
Project("{FAE04EC0-301F-11D3-BF4B-00C04F79EFBC}") = "Brilliant.Lessons.UI", "src\Brilliant.Lessons.UI\Brilliant.Lessons.UI.csproj", "{EDA9A4B4-54B4-4912-B732-BD8DC26FF608}"
EndProject
Project("{2150E333-8FDC-42A3-9474-1A3956D46DE8}") = "tools", "tools", "{07C2787E-EAC7-C090-1BA3-A61EC2A24D84}"
EndProject
Project("{FAE04EC0-301F-11D3-BF4B-00C04F79EFBC}") = "Brilliant.Cli", "tools\Brilliant.Cli\Brilliant.Cli.csproj", "{38D2D736-B980-4231-93E1-3BB4D25FFCD8}"
EndProject
Project("{2150E333-8FDC-42A3-9474-1A3956D46DE8}") = "tests", "tests", "{0AB3BF05-4346-4AA6-1389-037BE0695223}"
EndProject
Project("{FAE04EC0-301F-11D3-BF4B-00C04F79EFBC}") = "Brilliant.Cli.Tests", "tests\Brilliant.Cli.Tests\Brilliant.Cli.Tests.csproj", "{1C599AF1-EB12-4EDC-A421-885567D5B476}"
EndProject
Project("{FAE04EC0-301F-11D3-BF4B-00C04F79EFBC}") = "Brilliant.Core.Tests", "tests\Brilliant.Core.Tests\Brilliant.Core.Tests.csproj", "{03155295-2DDE-445F-9891-B3710F7D9A43}"
EndProject
Project("{FAE04EC0-301F-11D3-BF4B-00C04F79EFBC}") = "Brilliant.App", "src\Brilliant.App\Brilliant.App.csproj", "{D736E919-A9C7-4955-934C-3E264D9CF929}"
EndProject
Global
	GlobalSection(SolutionConfigurationPlatforms) = preSolution
		Debug|Any CPU = Debug|Any CPU
		Debug|x64 = Debug|x64
		Debug|x86 = Debug|x86
		Release|Any CPU = Release|Any CPU
		Release|x64 = Release|x64
		Release|x86 = Release|x86
	EndGlobalSection
	GlobalSection(ProjectConfigurationPlatforms) = postSolution
		{CB8528FF-92AE-4AE4-8B7A-DFD7A2FC9BE2}.Debug|Any CPU.ActiveCfg = Debug|Any CPU
		{CB8528FF-92AE-4AE4-8B7A-DFD7A2FC9BE2}.Debug|Any CPU.Build.0 = Debug|Any CPU
		{CB8528FF-92AE-4AE4-8B7A-DFD7A2FC9BE2}.Debug|x64.ActiveCfg = Debug|Any CPU
		{CB8528FF-92AE-4AE4-8B7A-DFD7A2FC9BE2}.Debug|x64.Build.0 = Debug|Any CPU
		{CB8528FF-92AE-4AE4-8B7A-DFD7A2FC9BE2}.Debug|x86.ActiveCfg = Debug|Any CPU
		{CB8528FF-92AE-4AE4-8B7A-DFD7A2FC9BE2}.Debug|x86.Build.0 = Debug|Any CPU
		{CB8528FF-92AE-4AE4-8B7A-DFD7A2FC9BE2}.Release|Any CPU.ActiveCfg = Release|Any CPU
		{CB8528FF-92AE-4AE4-8B7A-DFD7A2FC9BE2}.Release|Any CPU.Build.0 = Release|Any CPU
		{CB8528FF-92AE-4AE4-8B7A-DFD7A2FC9BE2}.Release|x64.ActiveCfg = Release|Any CPU
		{CB8528FF-92AE-4AE4-8B7A-DFD7A2FC9BE2}.Release|x64.Build.0 = Release|Any CPU
		{CB8528FF-92AE-4AE4-8B7A-DFD7A2FC9BE2}.Release|x86.ActiveCfg = Release|Any CPU
		{CB8528FF-92AE-4AE4-8B7A-DFD7A2FC9BE2}.Release|x86.Build.0 = Release|Any CPU
		{EAB4AE8F-7E24-4E50-9F3D-73F5EFE6B0D9}.Debug|Any CPU.ActiveCfg = Debug|Any CPU
		{EAB4AE8F-7E24-4E50-9F3D-73F5EFE6B0D9}.Debug|Any CPU.Build.0 = Debug|Any CPU
		{EAB4AE8F-7E24-4E50-9F3D-73F5EFE6B0D9}.Debug|x64.ActiveCfg = Debug|Any CPU
		{EAB4AE8F-7E24-4E50-9F3D-73F5EFE6B0D9}.Debug|x64.Build.0 = Debug|Any CPU
		{EAB4AE8F-7E24-4E50-9F3D-73F5EFE6B0D9}.Debug|x86.ActiveCfg = Debug|Any CPU
		{EAB4AE8F-7E24-4E50-9F3D-73F5EFE6B0D9}.Debug|x86.Build.0 = Debug|Any CPU
		{EAB4AE8F-7E24-4E50-9F3D-73F5EFE6B0D9}.Release|Any CPU.ActiveCfg = Release|Any CPU
		{EAB4AE8F-7E24-4E50-9F3D-73F5EFE6B0D9}.Release|Any CPU.Build.0 = Release|Any CPU
		{EAB4AE8F-7E24-4E50-9F3D-73F5EFE6B0D9}.Release|x64.ActiveCfg = Release|Any CPU
		{EAB4AE8F-7E24-4E50-9F3D-73F5EFE6B0D9}.Release|x64.Build.0 = Release|Any CPU
		{EAB4AE8F-7E24-4E50-9F3D-73F5EFE6B0D9}.Release|x86.ActiveCfg = Release|Any CPU
		{EAB4AE8F-7E24-4E50-9F3D-73F5EFE6B0D9}.Release|x86.Build.0 = Release|Any CPU
		{EDA9A4B4-54B4-4912-B732-BD8DC26FF608}.Debug|Any CPU.ActiveCfg = Debug|Any CPU
		{EDA9A4B4-54B4-4912-B732-BD8DC26FF608}.Debug|Any CPU.Build.0 = Debug|Any CPU
		{EDA9A4B4-54B4-4912-B732-BD8DC26FF608}.Debug|x64.ActiveCfg = Debug|Any CPU
		{EDA9A4B4-54B4-4912-B732-BD8DC26FF608}.Debug|x64.Build.0 = Debug|Any CPU
		{EDA9A4B4-54B4-4912-B732-BD8DC26FF608}.Debug|x86.ActiveCfg = Debug|Any CPU
		{EDA9A4B4-54B4-4912-B732-BD8DC26FF608}.Debug|x86.Build.0 = Debug|Any CPU
		{EDA9A4B4-54B4-4912-B732-BD8DC26FF608}.Release|Any CPU.ActiveCfg = Release|Any CPU
		{EDA9A4B4-54B4-4912-B732-BD8DC26FF608}.Release|Any CPU.Build.0 = Release|Any CPU
		{EDA9A4B4-54B4-4912-B732-BD8DC26FF608}.Release|x64.ActiveCfg = Release|Any CPU
		{EDA9A4B4-54B4-4912-B732-BD8DC26FF608}.Release|x64.Build.0 = Release|Any CPU
		{EDA9A4B4-54B4-4912-B732-BD8DC26FF608}.Release|x86.ActiveCfg = Release|Any CPU
		{EDA9A4B4-54B4-4912-B732-BD8DC26FF608}.Release|x86.Build.0 = Release|Any CPU
		{38D2D736-B980-4231-93E1-3BB4D25FFCD8}.Debug|Any CPU.ActiveCfg = Debug|Any CPU
		{38D2D736-B980-4231-93E1-3BB4D25FFCD8}.Debug|Any CPU.Build.0 = Debug|Any CPU
		{38D2D736-B980-4231-93E1-3BB4D25FFCD8}.Debug|x64.ActiveCfg = Debug|Any CPU
		{38D2D736-B980-4231-93E1-3BB4D25FFCD8}.Debug|x64.Build.0 = Debug|Any CPU
		{38D2D736-B980-4231-93E1-3BB4D25FFCD8}.Debug|x86.ActiveCfg = Debug|Any CPU
		{38D2D736-B980-4231-93E1-3BB4D25FFCD8}.Debug|x86.Build.0 = Debug|Any CPU
		{38D2D736-B980-4231-93E1-3BB4D25FFCD8}.Release|Any CPU.ActiveCfg = Release|Any CPU
		{38D2D736-B980-4231-93E1-3BB4D25FFCD8}.Release|Any CPU.Build.0 = Release|Any CPU
		{38D2D736-B980-4231-93E1-3BB4D25FFCD8}.Release|x64.ActiveCfg = Release|Any CPU
		{38D2D736-B980-4231-93E1-3BB4D25FFCD8}.Release|x64.Build.0 = Release|Any CPU
		{38D2D736-B980-4231-93E1-3BB4D25FFCD8}.Release|x86.ActiveCfg = Release|Any CPU
		{38D2D736-B980-4231-93E1-3BB4D25FFCD8}.Release|x86.Build.0 = Release|Any CPU
		{1C599AF1-EB12-4EDC-A421-885567D5B476}.Debug|Any CPU.ActiveCfg = Debug|Any CPU
		{1C599AF1-EB12-4EDC-A421-885567D5B476}.Debug|Any CPU.Build.0 = Debug|Any CPU
		{1C599AF1-EB12-4EDC-A421-885567D5B476}.Debug|x64.ActiveCfg = Debug|Any CPU
		{1C599AF1-EB12-4EDC-A421-885567D5B476}.Debug|x64.Build.0 = Debug|Any CPU
		{1C599AF1-EB12-4EDC-A421-885567D5B476}.Debug|x86.ActiveCfg = Debug|Any CPU
		{1C599AF1-EB12-4EDC-A421-885567D5B476}.Debug|x86.Build.0 = Debug|Any CPU
		{1C599AF1-EB12-4EDC-A421-885567D5B476}.Release|Any CPU.ActiveCfg = Release|Any CPU
		{1C599AF1-EB12-4EDC-A421-885567D5B476}.Release|Any CPU.Build.0 = Release|Any CPU
		{1C599AF1-EB12-4EDC-A421-885567D5B476}.Release|x64.ActiveCfg = Release|Any CPU
		{1C599AF1-EB12-4EDC-A421-885567D5B476}.Release|x64.Build.0 = Release|Any CPU
		{1C599AF1-EB12-4EDC-A421-885567D5B476}.Release|x86.ActiveCfg = Release|Any CPU
		{1C599AF1-EB12-4EDC-A421-885567D5B476}.Release|x86.Build.0 = Release|Any CPU
		{03155295-2DDE-445F-9891-B3710F7D9A43}.Debug|Any CPU.ActiveCfg = Debug|Any CPU
		{03155295-2DDE-445F-9891-B3710F7D9A43}.Debug|Any CPU.Build.0 = Debug|Any CPU
		{03155295-2DDE-445F-9891-B3710F7D9A43}.Debug|x64.ActiveCfg = Debug|Any CPU
		{03155295-2DDE-445F-9891-B3710F7D9A43}.Debug|x64.Build.0 = Debug|Any CPU
		{03155295-2DDE-445F-9891-B3710F7D9A43}.Debug|x86.ActiveCfg = Debug|Any CPU
		{03155295-2DDE-445F-9891-B3710F7D9A43}.Debug|x86.Build.0 = Debug|Any CPU
		{03155295-2DDE-445F-9891-B3710F7D9A43}.Release|Any CPU.ActiveCfg = Release|Any CPU
		{03155295-2DDE-445F-9891-B3710F7D9A43}.Release|Any CPU.Build.0 = Release|Any CPU
		{03155295-2DDE-445F-9891-B3710F7D9A43}.Release|x64.ActiveCfg = Release|Any CPU
		{03155295-2DDE-445F-9891-B3710F7D9A43}.Release|x64.Build.0 = Release|Any CPU
		{03155295-2DDE-445F-9891-B3710F7D9A43}.Release|x86.ActiveCfg = Release|Any CPU
		{03155295-2DDE-445F-9891-B3710F7D9A43}.Release|x86.Build.0 = Release|Any CPU
		{D736E919-A9C7-4955-934C-3E264D9CF929}.Debug|Any CPU.ActiveCfg = Debug|Any CPU
		{D736E919-A9C7-4955-934C-3E264D9CF929}.Debug|Any CPU.Build.0 = Debug|Any CPU
		{D736E919-A9C7-4955-934C-3E264D9CF929}.Debug|x64.ActiveCfg = Debug|Any CPU
		{D736E919-A9C7-4955-934C-3E264D9CF929}.Debug|x64.Build.0 = Debug|Any CPU
		{D736E919-A9C7-4955-934C-3E264D9CF929}.Debug|x86.ActiveCfg = Debug|Any CPU
		{D736E919-A9C7-4955-934C-3E264D9CF929}.Debug|x86.Build.0 = Debug|Any CPU
		{D736E919-A9C7-4955-934C-3E264D9CF929}.Release|Any CPU.ActiveCfg = Release|Any CPU
		{D736E919-A9C7-4955-934C-3E264D9CF929}.Release|Any CPU.Build.0 = Release|Any CPU
		{D736E919-A9C7-4955-934C-3E264D9CF929}.Release|x64.ActiveCfg = Release|Any CPU
		{D736E919-A9C7-4955-934C-3E264D9CF929}.Release|x64.Build.0 = Release|Any CPU
		{D736E919-A9C7-4955-934C-3E264D9CF929}.Release|x86.ActiveCfg = Release|Any CPU
		{D736E919-A9C7-4955-934C-3E264D9CF929}.Release|x86.Build.0 = Release|Any CPU
	EndGlobalSection
	GlobalSection(SolutionProperties) = preSolution
		HideSolutionNode = FALSE
	EndGlobalSection
	GlobalSection(NestedProjects) = preSolution
		{CB8528FF-92AE-4AE4-8B7A-DFD7A2FC9BE2} = {827E0CD3-B72D-47B6-A68D-7590B98EB39B}
		{EAB4AE8F-7E24-4E50-9F3D-73F5EFE6B0D9} = {827E0CD3-B72D-47B6-A68D-7590B98EB39B}
		{EDA9A4B4-54B4-4912-B732-BD8DC26FF608} = {827E0CD3-B72D-47B6-A68D-7590B98EB39B}
		{38D2D736-B980-4231-93E1-3BB4D25FFCD8} = {07C2787E-EAC7-C090-1BA3-A61EC2A24D84}
		{1C599AF1-EB12-4EDC-A421-885567D5B476} = {0AB3BF05-4346-4AA6-1389-037BE0695223}
		{03155295-2DDE-445F-9891-B3710F7D9A43} = {0AB3BF05-4346-4AA6-1389-037BE0695223}
		{D736E919-A9C7-4955-934C-3E264D9CF929} = {827E0CD3-B72D-47B6-A68D-7590B98EB39B}
	EndGlobalSection
EndGlobal
